// !$*UTF8*$!
{
	archiveVersion = 1;
	classes = {
	};
	objectVersion = 56;
	objects = {

/* Begin PBXBuildFile section */
		399844632C5BA30700450A63 /* MVVMListDataApp.swift in Sources */ = {isa = PBXBuildFile; fileRef = 399844622C5BA30700450A63 /* MVVMListDataApp.swift */; };
		399844652C5BA30700450A63 /* Persistence.swift in Sources */ = {isa = PBXBuildFile; fileRef = 399844642C5BA30700450A63 /* Persistence.swift */; };
		399844682C5BA30700450A63 /* MVVMListDataApp.xcdatamodeld in Sources */ = {isa = PBXBuildFile; fileRef = 399844662C5BA30700450A63 /* MVVMListDataApp.xcdatamodeld */; };
		3998446A2C5BA30700450A63 /* ContentView.swift in Sources */ = {isa = PBXBuildFile; fileRef = 399844692C5BA30700450A63 /* ContentView.swift */; };
		3998446C2C5BA30700450A63 /* Assets.xcassets in Resources */ = {isa = PBXBuildFile; fileRef = 3998446B2C5BA30700450A63 /* Assets.xcassets */; };
		399844702C5BA30700450A63 /* Preview Assets.xcassets in Resources */ = {isa = PBXBuildFile; fileRef = 3998446F2C5BA30700450A63 /* Preview Assets.xcassets */; };
		3998447B2C5BA3AE00450A63 /* EmployeeUIController.swift in Sources */ = {isa = PBXBuildFile; fileRef = 3998447A2C5BA3AE00450A63 /* EmployeeUIController.swift */; };
		3998447D2C5BEB7500450A63 /* Employee.swift in Sources */ = {isa = PBXBuildFile; fileRef = 3998447C2C5BEB7500450A63 /* Employee.swift */; };
		3998447F2C5BEF7900450A63 /* EmployeeViewModel.swift in Sources */ = {isa = PBXBuildFile; fileRef = 3998447E2C5BEF7900450A63 /* EmployeeViewModel.swift */; };
		399844832C5BF14600450A63 /* APIService.swift in Sources */ = {isa = PBXBuildFile; fileRef = 399844822C5BF14600450A63 /* APIService.swift */; };
		399844852C5BFCA200450A63 /* EmployeeView.swift in Sources */ = {isa = PBXBuildFile; fileRef = 399844842C5BFCA200450A63 /* EmployeeView.swift */; };
/* End PBXBuildFile section */

/* Begin PBXFileReference section */
		3998445F2C5BA30700450A63 /* MVVMListData.app */ = {isa = PBXFileReference; explicitFileType = wrapper.application; includeInIndex = 0; path = MVVMListData.app; sourceTree = BUILT_PRODUCTS_DIR; };
		399844622C5BA30700450A63 /* MVVMListDataApp.swift */ = {isa = PBXFileReference; lastKnownFileType = sourcecode.swift; path = MVVMListDataApp.swift; sourceTree = "<group>"; };
		399844642C5BA30700450A63 /* Persistence.swift */ = {isa = PBXFileReference; lastKnownFileType = sourcecode.swift; path = Persistence.swift; sourceTree = "<group>"; };
		399844672C5BA30700450A63 /* MVVMListDataApp.xcdatamodel */ = {isa = PBXFileReference; lastKnownFileType = wrapper.xcdatamodel; path = MVVMListDataApp.xcdatamodel; sourceTree = "<group>"; };
		399844692C5BA30700450A63 /* ContentView.swift */ = {isa = PBXFileReference; lastKnownFileType = sourcecode.swift; path = ContentView.swift; sourceTree = "<group>"; };
		3998446B2C5BA30700450A63 /* Assets.xcassets */ = {isa = PBXFileReference; lastKnownFileType = folder.assetcatalog; path = Assets.xcassets; sourceTree = "<group>"; };
		3998446D2C5BA30700450A63 /* MVVMListDataApp.entitlements */ = {isa = PBXFileReference; lastKnownFileType = text.plist.entitlements; path = MVVMListDataApp.entitlements; sourceTree = "<group>"; };
		3998446F2C5BA30700450A63 /* Preview Assets.xcassets */ = {isa = PBXFileReference; lastKnownFileType = folder.assetcatalog; path = "Preview Assets.xcassets"; sourceTree = "<group>"; };
		3998447A2C5BA3AE00450A63 /* EmployeeUIController.swift */ = {isa = PBXFileReference; lastKnownFileType = sourcecode.swift; path = EmployeeUIController.swift; sourceTree = "<group>"; };
		3998447C2C5BEB7500450A63 /* Employee.swift */ = {isa = PBXFileReference; lastKnownFileType = sourcecode.swift; path = Employee.swift; sourceTree = "<group>"; };
		3998447E2C5BEF7900450A63 /* EmployeeViewModel.swift */ = {isa = PBXFileReference; lastKnownFileType = sourcecode.swift; path = EmployeeViewModel.swift; sourceTree = "<group>"; };
		399844822C5BF14600450A63 /* APIService.swift */ = {isa = PBXFileReference; lastKnownFileType = sourcecode.swift; path = APIService.swift; sourceTree = "<group>"; };
		399844842C5BFCA200450A63 /* EmployeeView.swift */ = {isa = PBXFileReference; lastKnownFileType = sourcecode.swift; path = EmployeeView.swift; sourceTree = "<group>"; };
/* End PBXFileReference section */

/* Begin PBXFrameworksBuildPhase section */
		3998445C2C5BA30700450A63 /* Frameworks */ = {
			isa = PBXFrameworksBuildPhase;
			buildActionMask = 2147483647;
			files = (
			);
			runOnlyForDeploymentPostprocessing = 0;
		};
/* End PBXFrameworksBuildPhase section */

/* Begin PBXGroup section */
		399844562C5BA30600450A63 = {
			isa = PBXGroup;
			children = (
				399844612C5BA30700450A63 /* MVVMListDataApp */,
				399844602C5BA30700450A63 /* Products */,
			);
			sourceTree = "<group>";
		};
		399844602C5BA30700450A63 /* Products */ = {
			isa = PBXGroup;
			children = (
				3998445F2C5BA30700450A63 /* MVVMListData.app */,
			);
			name = Products;
			sourceTree = "<group>";
		};
		399844612C5BA30700450A63 /* MVVMListDataApp */ = {
			isa = PBXGroup;
			children = (
				399844792C5BA37200450A63 /* controllers */,
				399844812C5BF11E00450A63 /* ui */,
				399844802C5BF11200450A63 /* data */,
				399844622C5BA30700450A63 /* MVVMListDataApp.swift */,
				399844642C5BA30700450A63 /* Persistence.swift */,
				399844692C5BA30700450A63 /* ContentView.swift */,
				3998446B2C5BA30700450A63 /* Assets.xcassets */,
				3998446D2C5BA30700450A63 /* MVVMListDataApp.entitlements */,
				399844662C5BA30700450A63 /* MVVMListDataApp.xcdatamodeld */,
				3998446E2C5BA30700450A63 /* Preview Content */,
			);
			path = MVVMListDataApp;
			sourceTree = "<group>";
		};
		3998446E2C5BA30700450A63 /* Preview Content */ = {
			isa = PBXGroup;
			children = (
				3998446F2C5BA30700450A63 /* Preview Assets.xcassets */,
			);
			path = "Preview Content";
			sourceTree = "<group>";
		};
		399844762C5BA35700450A63 /* models */ = {
			isa = PBXGroup;
			children = (
				3998447C2C5BEB7500450A63 /* Employee.swift */,
			);
			path = models;
			sourceTree = "<group>";
		};
		399844772C5BA36100450A63 /* viewmodels */ = {
			isa = PBXGroup;
			children = (
				3998447E2C5BEF7900450A63 /* EmployeeViewModel.swift */,
			);
			path = viewmodels;
			sourceTree = "<group>";
		};
		399844782C5BA36800450A63 /* views */ = {
			isa = PBXGroup;
			children = (
				399844842C5BFCA200450A63 /* EmployeeView.swift */,
			);
			path = views;
			sourceTree = "<group>";
		};
		399844792C5BA37200450A63 /* controllers */ = {
			isa = PBXGroup;
			children = (
				3998447A2C5BA3AE00450A63 /* EmployeeUIController.swift */,
			);
			path = controllers;
			sourceTree = "<group>";
		};
		399844802C5BF11200450A63 /* data */ = {
			isa = PBXGroup;
			children = (
				399844762C5BA35700450A63 /* models */,
				399844822C5BF14600450A63 /* APIService.swift */,
			);
			path = data;
			sourceTree = "<group>";
		};
		399844812C5BF11E00450A63 /* ui */ = {
			isa = PBXGroup;
			children = (
				399844782C5BA36800450A63 /* views */,
				399844772C5BA36100450A63 /* viewmodels */,
			);
			path = ui;
			sourceTree = "<group>";
		};
/* End PBXGroup section */

/* Begin PBXNativeTarget section */
		3998445E2C5BA30700450A63 /* MVVMListData */ = {
			isa = PBXNativeTarget;
			buildConfigurationList = 399844732C5BA30700450A63 /* Build configuration list for PBXNativeTarget "MVVMListData" */;
			buildPhases = (
				3998445B2C5BA30700450A63 /* Sources */,
				3998445C2C5BA30700450A63 /* Frameworks */,
				3998445D2C5BA30700450A63 /* Resources */,
			);
			buildRules = (
			);
			dependencies = (
			);
			name = MVVMListData;
			productName = MVVMListDataApp;
			productReference = 3998445F2C5BA30700450A63 /* MVVMListData.app */;
			productType = "com.apple.product-type.application";
		};
/* End PBXNativeTarget section */

/* Begin PBXProject section */
		399844572C5BA30600450A63 /* Project object */ = {
			isa = PBXProject;
			attributes = {
				BuildIndependentTargetsInParallel = 1;
				LastSwiftUpdateCheck = 1500;
				LastUpgradeCheck = 1500;
				TargetAttributes = {
					3998445E2C5BA30700450A63 = {
						CreatedOnToolsVersion = 15.0.1;
					};
				};
			};
			buildConfigurationList = 3998445A2C5BA30600450A63 /* Build configuration list for PBXProject "MVVMListData" */;
			compatibilityVersion = "Xcode 14.0";
			developmentRegion = en;
			hasScannedForEncodings = 0;
			knownRegions = (
				en,
				Base,
			);
			mainGroup = 399844562C5BA30600450A63;
			productRefGroup = 399844602C5BA30700450A63 /* Products */;
			projectDirPath = "";
			projectRoot = "";
			targets = (
				3998445E2C5BA30700450A63 /* MVVMListData */,
			);
		};
/* End PBXProject section */

/* Begin PBXResourcesBuildPhase section */
		3998445D2C5BA30700450A63 /* Resources */ = {
			isa = PBXResourcesBuildPhase;
			buildActionMask = 2147483647;
			files = (
				399844702C5BA30700450A63 /* Preview Assets.xcassets in Resources */,
				3998446C2C5BA30700450A63 /* Assets.xcassets in Resources */,
			);
			runOnlyForDeploymentPostprocessing = 0;
		};
/* End PBXResourcesBuildPhase section */

/* Begin PBXSourcesBuildPhase section */
		3998445B2C5BA30700450A63 /* Sources */ = {
			isa = PBXSourcesBuildPhase;
			buildActionMask = 2147483647;
			files = (
				399844632C5BA30700450A63 /* MVVMListDataApp.swift in Sources */,
				3998447D2C5BEB7500450A63 /* Employee.swift in Sources */,
				3998447F2C5BEF7900450A63 /* EmployeeViewModel.swift in Sources */,
				399844682C5BA30700450A63 /* MVVMListDataApp.xcdatamodeld in Sources */,
				399844852C5BFCA200450A63 /* EmployeeView.swift in Sources */,
				3998446A2C5BA30700450A63 /* ContentView.swift in Sources */,
				3998447B2C5BA3AE00450A63 /* EmployeeUIController.swift in Sources */,
				399844832C5BF14600450A63 /* APIService.swift in Sources */,
				399844652C5BA30700450A63 /* Persistence.swift in Sources */,
			);
			runOnlyForDeploymentPostprocessing = 0;
		};
/* End PBXSourcesBuildPhase section */

/* Begin XCBuildConfiguration section */
		399844712C5BA30700450A63 /* Debug */ = {
			isa = XCBuildConfiguration;
			buildSettings = {
				ALWAYS_SEARCH_USER_PATHS = NO;
				ASSETCATALOG_COMPILER_GENERATE_SWIFT_ASSET_SYMBOL_EXTENSIONS = YES;
				CLANG_ANALYZER_NONNULL = YES;
				CLANG_ANALYZER_NUMBER_OBJECT_CONVERSION = YES_AGGRESSIVE;
				CLANG_CXX_LANGUAGE_STANDARD = "gnu++20";
				CLANG_ENABLE_MODULES = YES;
				CLANG_ENABLE_OBJC_ARC = YES;
				CLANG_ENABLE_OBJC_WEAK = YES;
				CLANG_WARN_BLOCK_CAPTURE_AUTORELEASING = YES;
				CLANG_WARN_BOOL_CONVERSION = YES;
				CLANG_WARN_COMMA = YES;
				CLANG_WARN_CONSTANT_CONVERSION = YES;
				CLANG_WARN_DEPRECATED_OBJC_IMPLEMENTATIONS = YES;
				CLANG_WARN_DIRECT_OBJC_ISA_USAGE = YES_ERROR;
				CLANG_WARN_DOCUMENTATION_COMMENTS = YES;
				CLANG_WARN_EMPTY_BODY = YES;
				CLANG_WARN_ENUM_CONVERSION = YES;
				CLANG_WARN_INFINITE_RECURSION = YES;
				CLANG_WARN_INT_CONVERSION = YES;
				CLANG_WARN_NON_LITERAL_NULL_CONVERSION = YES;
				CLANG_WARN_OBJC_IMPLICIT_RETAIN_SELF = YES;
				CLANG_WARN_OBJC_LITERAL_CONVERSION = YES;
				CLANG_WARN_OBJC_ROOT_CLASS = YES_ERROR;
				CLANG_WARN_QUOTED_INCLUDE_IN_FRAMEWORK_HEADER = YES;
				CLANG_WARN_RANGE_LOOP_ANALYSIS = YES;
				CLANG_WARN_STRICT_PROTOTYPES = YES;
				CLANG_WARN_SUSPICIOUS_MOVE = YES;
				CLANG_WARN_UNGUARDED_AVAILABILITY = YES_AGGRESSIVE;
				CLANG_WARN_UNREACHABLE_CODE = YES;
				CLANG_WARN__DUPLICATE_METHOD_MATCH = YES;
				COPY_PHASE_STRIP = NO;
				DEBUG_INFORMATION_FORMAT = dwarf;
				ENABLE_STRICT_OBJC_MSGSEND = YES;
				ENABLE_TESTABILITY = YES;
				ENABLE_USER_SCRIPT_SANDBOXING = YES;
				GCC_C_LANGUAGE_STANDARD = gnu17;
				GCC_DYNAMIC_NO_PIC = NO;
				GCC_NO_COMMON_BLOCKS = YES;
				GCC_OPTIMIZATION_LEVEL = 0;
				GCC_PREPROCESSOR_DEFINITIONS = (
					"DEBUG=1",
					"$(inherited)",
				);
				GCC_WARN_64_TO_32_BIT_CONVERSION = YES;
				GCC_WARN_ABOUT_RETURN_TYPE = YES_ERROR;
				GCC_WARN_UNDECLARED_SELECTOR = YES;
				GCC_WARN_UNINITIALIZED_AUTOS = YES_AGGRESSIVE;
				GCC_WARN_UNUSED_FUNCTION = YES;
				GCC_WARN_UNUSED_VARIABLE = YES;
				LOCALIZATION_PREFERS_STRING_CATALOGS = YES;
				MTL_ENABLE_DEBUG_INFO = INCLUDE_SOURCE;
				MTL_FAST_MATH = YES;
				ONLY_ACTIVE_ARCH = YES;
				SWIFT_ACTIVE_COMPILATION_CONDITIONS = "DEBUG $(inherited)";
				SWIFT_OPTIMIZATION_LEVEL = "-Onone";
			};
			name = Debug;
		};
		399844722C5BA30700450A63 /* Release */ = {
			isa = XCBuildConfiguration;
			buildSettings = {
				ALWAYS_SEARCH_USER_PATHS = NO;
				ASSETCATALOG_COMPILER_GENERATE_SWIFT_ASSET_SYMBOL_EXTENSIONS = YES;
				CLANG_ANALYZER_NONNULL = YES;
				CLANG_ANALYZER_NUMBER_OBJECT_CONVERSION = YES_AGGRESSIVE;
				CLANG_CXX_LANGUAGE_STANDARD = "gnu++20";
				CLANG_ENABLE_MODULES = YES;
				CLANG_ENABLE_OBJC_ARC = YES;
				CLANG_ENABLE_OBJC_WEAK = YES;
				CLANG_WARN_BLOCK_CAPTURE_AUTORELEASING = YES;
				CLANG_WARN_BOOL_CONVERSION = YES;
				CLANG_WARN_COMMA = YES;
				CLANG_WARN_CONSTANT_CONVERSION = YES;
				CLANG_WARN_DEPRECATED_OBJC_IMPLEMENTATIONS = YES;
				CLANG_WARN_DIRECT_OBJC_ISA_USAGE = YES_ERROR;
				CLANG_WARN_DOCUMENTATION_COMMENTS = YES;
				CLANG_WARN_EMPTY_BODY = YES;
				CLANG_WARN_ENUM_CONVERSION = YES;
				CLANG_WARN_INFINITE_RECURSION = YES;
				CLANG_WARN_INT_CONVERSION = YES;
				CLANG_WARN_NON_LITERAL_NULL_CONVERSION = YES;
				CLANG_WARN_OBJC_IMPLICIT_RETAIN_SELF = YES;
				CLANG_WARN_OBJC_LITERAL_CONVERSION = YES;
				CLANG_WARN_OBJC_ROOT_CLASS = YES_ERROR;
				CLANG_WARN_QUOTED_INCLUDE_IN_FRAMEWORK_HEADER = YES;
				CLANG_WARN_RANGE_LOOP_ANALYSIS = YES;
				CLANG_WARN_STRICT_PROTOTYPES = YES;
				CLANG_WARN_SUSPICIOUS_MOVE = YES;
				CLANG_WARN_UNGUARDED_AVAILABILITY = YES_AGGRESSIVE;
				CLANG_WARN_UNREACHABLE_CODE = YES;
				CLANG_WARN__DUPLICATE_METHOD_MATCH = YES;
				COPY_PHASE_STRIP = NO;
				DEBUG_INFORMATION_FORMAT = "dwarf-with-dsym";
				ENABLE_NS_ASSERTIONS = NO;
				ENABLE_STRICT_OBJC_MSGSEND = YES;
				ENABLE_USER_SCRIPT_SANDBOXING = YES;
				GCC_C_LANGUAGE_STANDARD = gnu17;
				GCC_NO_COMMON_BLOCKS = YES;
				GCC_WARN_64_TO_32_BIT_CONVERSION = YES;
				GCC_WARN_ABOUT_RETURN_TYPE = YES_ERROR;
				GCC_WARN_UNDECLARED_SELECTOR = YES;
				GCC_WARN_UNINITIALIZED_AUTOS = YES_AGGRESSIVE;
				GCC_WARN_UNUSED_FUNCTION = YES;
				GCC_WARN_UNUSED_VARIABLE = YES;
				LOCALIZATION_PREFERS_STRING_CATALOGS = YES;
				MTL_ENABLE_DEBUG_INFO = NO;
				MTL_FAST_MATH = YES;
				SWIFT_COMPILATION_MODE = wholemodule;
			};
			name = Release;
		};
		399844742C5BA30700450A63 /* Debug */ = {
			isa = XCBuildConfiguration;
			buildSettings = {
				ASSETCATALOG_COMPILER_APPICON_NAME = AppIcon;
				ASSETCATALOG_COMPILER_GLOBAL_ACCENT_COLOR_NAME = AccentColor;
				CODE_SIGN_ENTITLEMENTS = MVVMListDataApp/MVVMListDataApp.entitlements;
				CODE_SIGN_STYLE = Automatic;
				CURRENT_PROJECT_VERSION = 1;
				DEVELOPMENT_ASSET_PATHS = "\"MVVMListDataApp/Preview Content\"";
				DEVELOPMENT_TEAM = TJ9228MGA2;
				ENABLE_HARDENED_RUNTIME = YES;
				ENABLE_PREVIEWS = YES;
				GENERATE_INFOPLIST_FILE = YES;
				INFOPLIST_FILE = "MVVMListData-Info.plist";
				"INFOPLIST_KEY_UIApplicationSceneManifest_Generation[sdk=iphoneos*]" = YES;
				"INFOPLIST_KEY_UIApplicationSceneManifest_Generation[sdk=iphonesimulator*]" = YES;
				"INFOPLIST_KEY_UIApplicationSupportsIndirectInputEvents[sdk=iphoneos*]" = YES;
				"INFOPLIST_KEY_UIApplicationSupportsIndirectInputEvents[sdk=iphonesimulator*]" = YES;
				"INFOPLIST_KEY_UILaunchScreen_Generation[sdk=iphoneos*]" = YES;
				"INFOPLIST_KEY_UILaunchScreen_Generation[sdk=iphonesimulator*]" = YES;
				"INFOPLIST_KEY_UIStatusBarStyle[sdk=iphoneos*]" = UIStatusBarStyleDefault;
				"INFOPLIST_KEY_UIStatusBarStyle[sdk=iphonesimulator*]" = UIStatusBarStyleDefault;
				INFOPLIST_KEY_UISupportedInterfaceOrientations_iPad = "UIInterfaceOrientationPortrait UIInterfaceOrientationPortraitUpsideDown UIInterfaceOrientationLandscapeLeft UIInterfaceOrientationLandscapeRight";
				INFOPLIST_KEY_UISupportedInterfaceOrientations_iPhone = "UIInterfaceOrientationPortrait UIInterfaceOrientationLandscapeLeft UIInterfaceOrientationLandscapeRight";
				IPHONEOS_DEPLOYMENT_TARGET = 17.0;
				LD_RUNPATH_SEARCH_PATHS = "@executable_path/Frameworks";
				"LD_RUNPATH_SEARCH_PATHS[sdk=macosx*]" = "@executable_path/../Frameworks";
				MACOSX_DEPLOYMENT_TARGET = 13.6;
				MARKETING_VERSION = 1.0;
				PRODUCT_BUNDLE_IDENTIFIER = com.moin.MVVMListDataApp;
				PRODUCT_NAME = "$(TARGET_NAME)";
				SDKROOT = auto;
				SUPPORTED_PLATFORMS = "iphoneos iphonesimulator macosx";
				SWIFT_EMIT_LOC_STRINGS = YES;
				SWIFT_VERSION = 5.0;
				TARGETED_DEVICE_FAMILY = "1,2";
			};
			name = Debug;
		};
		399844752C5BA30700450A63 /* Release */ = {
			isa = XCBuildConfiguration;
			buildSettings = {
				ASSETCATALOG_COMPILER_APPICON_NAME = AppIcon;
				ASSETCATALOG_COMPILER_GLOBAL_ACCENT_COLOR_NAME = AccentColor;
				CODE_SIGN_ENTITLEMENTS = MVVMListDataApp/MVVMListDataApp.entitlements;
				CODE_SIGN_STYLE = Automatic;
				CURRENT_PROJECT_VERSION = 1;
				DEVELOPMENT_ASSET_PATHS = "\"MVVMListDataApp/Preview Content\"";
				DEVELOPMENT_TEAM = TJ9228MGA2;
				ENABLE_HARDENED_RUNTIME = YES;
				ENABLE_PREVIEWS = YES;
				GENERATE_INFOPLIST_FILE = YES;
				INFOPLIST_FILE = "MVVMListData-Info.plist";
				"INFOPLIST_KEY_UIApplicationSceneManifest_Generation[sdk=iphoneos*]" = YES;
				"INFOPLIST_KEY_UIApplicationSceneManifest_Generation[sdk=iphonesimulator*]" = YES;
				"INFOPLIST_KEY_UIApplicationSupportsIndirectInputEvents[sdk=iphoneos*]" = YES;
				"INFOPLIST_KEY_UIApplicationSupportsIndirectInputEvents[sdk=iphonesimulator*]" = YES;
				"INFOPLIST_KEY_UILaunchScreen_Generation[sdk=iphoneos*]" = YES;
				"INFOPLIST_KEY_UILaunchScreen_Generation[sdk=iphonesimulator*]" = YES;
				"INFOPLIST_KEY_UIStatusBarStyle[sdk=iphoneos*]" = UIStatusBarStyleDefault;
				"INFOPLIST_KEY_UIStatusBarStyle[sdk=iphonesimulator*]" = UIStatusBarStyleDefault;
				INFOPLIST_KEY_UISupportedInterfaceOrientations_iPad = "UIInterfaceOrientationPortrait UIInterfaceOrientationPortraitUpsideDown UIInterfaceOrientationLandscapeLeft UIInterfaceOrientationLandscapeRight";
				INFOPLIST_KEY_UISupportedInterfaceOrientations_iPhone = "UIInterfaceOrientationPortrait UIInterfaceOrientationLandscapeLeft UIInterfaceOrientationLandscapeRight";
				IPHONEOS_DEPLOYMENT_TARGET = 17.0;
				LD_RUNPATH_SEARCH_PATHS = "@executable_path/Frameworks";
				"LD_RUNPATH_SEARCH_PATHS[sdk=macosx*]" = "@executable_path/../Frameworks";
				MACOSX_DEPLOYMENT_TARGET = 13.6;
				MARKETING_VERSION = 1.0;
				PRODUCT_BUNDLE_IDENTIFIER = com.moin.MVVMListDataApp;
				PRODUCT_NAME = "$(TARGET_NAME)";
				SDKROOT = auto;
				SUPPORTED_PLATFORMS = "iphoneos iphonesimulator macosx";
				SWIFT_EMIT_LOC_STRINGS = YES;
				SWIFT_VERSION = 5.0;
				TARGETED_DEVICE_FAMILY = "1,2";
			};
			name = Release;
		};
/* End XCBuildConfiguration section */

/* Begin XCConfigurationList section */
		3998445A2C5BA30600450A63 /* Build configuration list for PBXProject "MVVMListData" */ = {
			isa = XCConfigurationList;
			buildConfigurations = (
				399844712C5BA30700450A63 /* Debug */,
				399844722C5BA30700450A63 /* Release */,
			);
			defaultConfigurationIsVisible = 0;
			defaultConfigurationName = Release;
		};
		399844732C5BA30700450A63 /* Build configuration list for PBXNativeTarget "MVVMListData" */ = {
			isa = XCConfigurationList;
			buildConfigurations = (
				399844742C5BA30700450A63 /* Debug */,
				399844752C5BA30700450A63 /* Release */,
			);
			defaultConfigurationIsVisible = 0;
			defaultConfigurationName = Release;
		};
/* End XCConfigurationList section */

/* Begin XCVersionGroup section */
		399844662C5BA30700450A63 /* MVVMListDataApp.xcdatamodeld */ = {
			isa = XCVersionGroup;
			children = (
				399844672C5BA30700450A63 /* MVVMListDataApp.xcdatamodel */,
			);
			currentVersion = 399844672C5BA30700450A63 /* MVVMListDataApp.xcdatamodel */;
			path = MVVMListDataApp.xcdatamodeld;
			sourceTree = "<group>";
			versionGroupType = wrapper.xcdatamodel;
		};
/* End XCVersionGroup section */
	};
	rootObject = 399844572C5BA30600450A63 /* Project object */;
}
